// !$*UTF8*$!
{
	archiveVersion = 1;
	classes = {
	};
	objectVersion = 51;
	objects = {

/* Begin PBXBuildFile section */
		4646502326D1A50100AA90E6 /* LocalServerData.swift in Sources */ = {isa = PBXBuildFile; fileRef = 4646502226D1A50100AA90E6 /* LocalServerData.swift */; };
		4646502526D1A5C300AA90E6 /* Artist_Song_Album.swift in Sources */ = {isa = PBXBuildFile; fileRef = 4646502426D1A5C300AA90E6 /* Artist_Song_Album.swift */; };
		4646502826D2381900AA90E6 /* ArtistListView.swift in Sources */ = {isa = PBXBuildFile; fileRef = 4646502726D2381900AA90E6 /* ArtistListView.swift */; };
		4646502A26D23D0700AA90E6 /* ArtistFeatureView.swift in Sources */ = {isa = PBXBuildFile; fileRef = 4646502926D23D0700AA90E6 /* ArtistFeatureView.swift */; };
		46C3003526C1090300FA1D12 /* FirebaseData.swift in Sources */ = {isa = PBXBuildFile; fileRef = 46C3003426C1090300FA1D12 /* FirebaseData.swift */; };
		46E2A8D326C178B800BCE0FC /* AlbumArtView.swift in Sources */ = {isa = PBXBuildFile; fileRef = 46E2A8D226C178B800BCE0FC /* AlbumArtView.swift */; };
		46E2A8D526C1798000BCE0FC /* SongCellView.swift in Sources */ = {isa = PBXBuildFile; fileRef = 46E2A8D426C1798000BCE0FC /* SongCellView.swift */; };
		46F3BE3726C0C0B800BD7B45 /* MusicApp_swiftuiApp.swift in Sources */ = {isa = PBXBuildFile; fileRef = 46F3BE3626C0C0B800BD7B45 /* MusicApp_swiftuiApp.swift */; };
		46F3BE3926C0C0B800BD7B45 /* ContentView.swift in Sources */ = {isa = PBXBuildFile; fileRef = 46F3BE3826C0C0B800BD7B45 /* ContentView.swift */; };
		46F3BE3B26C0C0B900BD7B45 /* Assets.xcassets in Resources */ = {isa = PBXBuildFile; fileRef = 46F3BE3A26C0C0B900BD7B45 /* Assets.xcassets */; };
		46F3BE3E26C0C0B900BD7B45 /* Preview Assets.xcassets in Resources */ = {isa = PBXBuildFile; fileRef = 46F3BE3D26C0C0B900BD7B45 /* Preview Assets.xcassets */; };
		46F3BE4626C0D96B00BD7B45 /* BlurEffect.swift in Sources */ = {isa = PBXBuildFile; fileRef = 46F3BE4526C0D96B00BD7B45 /* BlurEffect.swift */; };
		46F3BE4826C0FE2200BD7B45 /* PlayerView.swift in Sources */ = {isa = PBXBuildFile; fileRef = 46F3BE4726C0FE2200BD7B45 /* PlayerView.swift */; };
		46F3BE4A26C1050900BD7B45 /* GoogleService-Info.plist in Resources */ = {isa = PBXBuildFile; fileRef = 46F3BE4926C1050900BD7B45 /* GoogleService-Info.plist */; };
		C063F3743EC016F5F1CAF5AB /* Pods_MusicApp_swiftui.framework in Frameworks */ = {isa = PBXBuildFile; fileRef = DEA307C7476BF5A589BFD5CC /* Pods_MusicApp_swiftui.framework */; };
/* End PBXBuildFile section */

/* Begin PBXFileReference section */
		4646502226D1A50100AA90E6 /* LocalServerData.swift */ = {isa = PBXFileReference; lastKnownFileType = sourcecode.swift; path = LocalServerData.swift; sourceTree = "<group>"; };
		4646502426D1A5C300AA90E6 /* Artist_Song_Album.swift */ = {isa = PBXFileReference; lastKnownFileType = sourcecode.swift; path = Artist_Song_Album.swift; sourceTree = "<group>"; };
		4646502726D2381900AA90E6 /* ArtistListView.swift */ = {isa = PBXFileReference; lastKnownFileType = sourcecode.swift; path = ArtistListView.swift; sourceTree = "<group>"; };
		4646502926D23D0700AA90E6 /* ArtistFeatureView.swift */ = {isa = PBXFileReference; lastKnownFileType = sourcecode.swift; path = ArtistFeatureView.swift; sourceTree = "<group>"; };
		46C3003426C1090300FA1D12 /* FirebaseData.swift */ = {isa = PBXFileReference; lastKnownFileType = sourcecode.swift; path = FirebaseData.swift; sourceTree = "<group>"; };
		46E2A8D226C178B800BCE0FC /* AlbumArtView.swift */ = {isa = PBXFileReference; lastKnownFileType = sourcecode.swift; path = AlbumArtView.swift; sourceTree = "<group>"; };
		46E2A8D426C1798000BCE0FC /* SongCellView.swift */ = {isa = PBXFileReference; lastKnownFileType = sourcecode.swift; path = SongCellView.swift; sourceTree = "<group>"; };
		46F3BE3326C0C0B800BD7B45 /* MusicApp_swiftui.app */ = {isa = PBXFileReference; explicitFileType = wrapper.application; includeInIndex = 0; path = MusicApp_swiftui.app; sourceTree = BUILT_PRODUCTS_DIR; };
		46F3BE3626C0C0B800BD7B45 /* MusicApp_swiftuiApp.swift */ = {isa = PBXFileReference; lastKnownFileType = sourcecode.swift; path = MusicApp_swiftuiApp.swift; sourceTree = "<group>"; };
		46F3BE3826C0C0B800BD7B45 /* ContentView.swift */ = {isa = PBXFileReference; lastKnownFileType = sourcecode.swift; path = ContentView.swift; sourceTree = "<group>"; };
		46F3BE3A26C0C0B900BD7B45 /* Assets.xcassets */ = {isa = PBXFileReference; lastKnownFileType = folder.assetcatalog; path = Assets.xcassets; sourceTree = "<group>"; };
		46F3BE3D26C0C0B900BD7B45 /* Preview Assets.xcassets */ = {isa = PBXFileReference; lastKnownFileType = folder.assetcatalog; path = "Preview Assets.xcassets"; sourceTree = "<group>"; };
		46F3BE3F26C0C0B900BD7B45 /* Info.plist */ = {isa = PBXFileReference; lastKnownFileType = text.plist.xml; path = Info.plist; sourceTree = "<group>"; };
		46F3BE4526C0D96B00BD7B45 /* BlurEffect.swift */ = {isa = PBXFileReference; lastKnownFileType = sourcecode.swift; path = BlurEffect.swift; sourceTree = "<group>"; };
		46F3BE4726C0FE2200BD7B45 /* PlayerView.swift */ = {isa = PBXFileReference; lastKnownFileType = sourcecode.swift; path = PlayerView.swift; sourceTree = "<group>"; };
		46F3BE4926C1050900BD7B45 /* GoogleService-Info.plist */ = {isa = PBXFileReference; fileEncoding = 4; lastKnownFileType = text.plist.xml; path = "GoogleService-Info.plist"; sourceTree = "<group>"; };
		9A110FC5A8552E99011D4933 /* Pods-MusicApp_swiftui.debug.xcconfig */ = {isa = PBXFileReference; includeInIndex = 1; lastKnownFileType = text.xcconfig; name = "Pods-MusicApp_swiftui.debug.xcconfig"; path = "Target Support Files/Pods-MusicApp_swiftui/Pods-MusicApp_swiftui.debug.xcconfig"; sourceTree = "<group>"; };
		B0B99E3FCD84643FAAA0CCA6 /* Pods-MusicApp_swiftui.release.xcconfig */ = {isa = PBXFileReference; includeInIndex = 1; lastKnownFileType = text.xcconfig; name = "Pods-MusicApp_swiftui.release.xcconfig"; path = "Target Support Files/Pods-MusicApp_swiftui/Pods-MusicApp_swiftui.release.xcconfig"; sourceTree = "<group>"; };
		DEA307C7476BF5A589BFD5CC /* Pods_MusicApp_swiftui.framework */ = {isa = PBXFileReference; explicitFileType = wrapper.framework; includeInIndex = 0; path = Pods_MusicApp_swiftui.framework; sourceTree = BUILT_PRODUCTS_DIR; };
/* End PBXFileReference section */

/* Begin PBXFrameworksBuildPhase section */
		46F3BE3026C0C0B800BD7B45 /* Frameworks */ = {
			isa = PBXFrameworksBuildPhase;
			buildActionMask = 2147483647;
			files = (
				C063F3743EC016F5F1CAF5AB /* Pods_MusicApp_swiftui.framework in Frameworks */,
			);
			runOnlyForDeploymentPostprocessing = 0;
		};
/* End PBXFrameworksBuildPhase section */

/* Begin PBXGroup section */
		4646502626D1A5D500AA90E6 /* Model */ = {
			isa = PBXGroup;
			children = (
				4646502426D1A5C300AA90E6 /* Artist_Song_Album.swift */,
				4646502226D1A50100AA90E6 /* LocalServerData.swift */,
				46C3003426C1090300FA1D12 /* FirebaseData.swift */,
			);
			path = Model;
			sourceTree = "<group>";
		};
		46F3BE2A26C0C0B800BD7B45 = {
			isa = PBXGroup;
			children = (
				46F3BE3526C0C0B800BD7B45 /* MusicApp_swiftui */,
				46F3BE3426C0C0B800BD7B45 /* Products */,
				C279067233FCF597E50B698A /* Pods */,
				9915C515C7A057E97069E800 /* Frameworks */,
			);
			sourceTree = "<group>";
		};
		46F3BE3426C0C0B800BD7B45 /* Products */ = {
			isa = PBXGroup;
			children = (
				46F3BE3326C0C0B800BD7B45 /* MusicApp_swiftui.app */,
			);
			name = Products;
			sourceTree = "<group>";
		};
		46F3BE3526C0C0B800BD7B45 /* MusicApp_swiftui */ = {
			isa = PBXGroup;
			children = (
				46F3BE4926C1050900BD7B45 /* GoogleService-Info.plist */,
				4646502626D1A5D500AA90E6 /* Model */,
				46F3BE3626C0C0B800BD7B45 /* MusicApp_swiftuiApp.swift */,
				46F3BE3826C0C0B800BD7B45 /* ContentView.swift */,
				46E2A8D426C1798000BCE0FC /* SongCellView.swift */,
				4646502726D2381900AA90E6 /* ArtistListView.swift */,
				4646502926D23D0700AA90E6 /* ArtistFeatureView.swift */,
				46E2A8D226C178B800BCE0FC /* AlbumArtView.swift */,
				46F3BE4726C0FE2200BD7B45 /* PlayerView.swift */,
				46F3BE4526C0D96B00BD7B45 /* BlurEffect.swift */,
				46F3BE3A26C0C0B900BD7B45 /* Assets.xcassets */,
				46F3BE3F26C0C0B900BD7B45 /* Info.plist */,
				46F3BE3C26C0C0B900BD7B45 /* Preview Content */,
			);
			path = MusicApp_swiftui;
			sourceTree = "<group>";
		};
		46F3BE3C26C0C0B900BD7B45 /* Preview Content */ = {
			isa = PBXGroup;
			children = (
				46F3BE3D26C0C0B900BD7B45 /* Preview Assets.xcassets */,
			);
			path = "Preview Content";
			sourceTree = "<group>";
		};
		9915C515C7A057E97069E800 /* Frameworks */ = {
			isa = PBXGroup;
			children = (
				DEA307C7476BF5A589BFD5CC /* Pods_MusicApp_swiftui.framework */,
			);
			name = Frameworks;
			sourceTree = "<group>";
		};
		C279067233FCF597E50B698A /* Pods */ = {
			isa = PBXGroup;
			children = (
				9A110FC5A8552E99011D4933 /* Pods-MusicApp_swiftui.debug.xcconfig */,
				B0B99E3FCD84643FAAA0CCA6 /* Pods-MusicApp_swiftui.release.xcconfig */,
			);
			path = Pods;
			sourceTree = "<group>";
		};
/* End PBXGroup section */

/* Begin PBXNativeTarget section */
		46F3BE3226C0C0B800BD7B45 /* MusicApp_swiftui */ = {
			isa = PBXNativeTarget;
			buildConfigurationList = 46F3BE4226C0C0B900BD7B45 /* Build configuration list for PBXNativeTarget "MusicApp_swiftui" */;
			buildPhases = (
				CAEE63BEBA7ECE844EE15C19 /* [CP] Check Pods Manifest.lock */,
				46F3BE2F26C0C0B800BD7B45 /* Sources */,
				46F3BE3026C0C0B800BD7B45 /* Frameworks */,
				46F3BE3126C0C0B800BD7B45 /* Resources */,
				691ED611E02D690183EC51DD /* [CP] Embed Pods Frameworks */,
			);
			buildRules = (
			);
			dependencies = (
			);
			name = MusicApp_swiftui;
			productName = MusicApp_swiftui;
			productReference = 46F3BE3326C0C0B800BD7B45 /* MusicApp_swiftui.app */;
			productType = "com.apple.product-type.application";
		};
/* End PBXNativeTarget section */

/* Begin PBXProject section */
		46F3BE2B26C0C0B800BD7B45 /* Project object */ = {
			isa = PBXProject;
			attributes = {
				LastSwiftUpdateCheck = 1250;
				LastUpgradeCheck = 1250;
				TargetAttributes = {
					46F3BE3226C0C0B800BD7B45 = {
						CreatedOnToolsVersion = 12.5.1;
					};
				};
			};
			buildConfigurationList = 46F3BE2E26C0C0B800BD7B45 /* Build configuration list for PBXProject "MusicApp_swiftui" */;
			compatibilityVersion = "Xcode 9.3";
			developmentRegion = en;
			hasScannedForEncodings = 0;
			knownRegions = (
				en,
				Base,
			);
			mainGroup = 46F3BE2A26C0C0B800BD7B45;
			productRefGroup = 46F3BE3426C0C0B800BD7B45 /* Products */;
			projectDirPath = "";
			projectRoot = "";
			targets = (
				46F3BE3226C0C0B800BD7B45 /* MusicApp_swiftui */,
			);
		};
/* End PBXProject section */

/* Begin PBXResourcesBuildPhase section */
		46F3BE3126C0C0B800BD7B45 /* Resources */ = {
			isa = PBXResourcesBuildPhase;
			buildActionMask = 2147483647;
			files = (
				46F3BE3E26C0C0B900BD7B45 /* Preview Assets.xcassets in Resources */,
				46F3BE3B26C0C0B900BD7B45 /* Assets.xcassets in Resources */,
				46F3BE4A26C1050900BD7B45 /* GoogleService-Info.plist in Resources */,
			);
			runOnlyForDeploymentPostprocessing = 0;
		};
/* End PBXResourcesBuildPhase section */

/* Begin PBXShellScriptBuildPhase section */
		691ED611E02D690183EC51DD /* [CP] Embed Pods Frameworks */ = {
			isa = PBXShellScriptBuildPhase;
			buildActionMask = 2147483647;
			files = (
			);
			inputFileListPaths = (
				"${PODS_ROOT}/Target Support Files/Pods-MusicApp_swiftui/Pods-MusicApp_swiftui-frameworks-${CONFIGURATION}-input-files.xcfilelist",
			);
			name = "[CP] Embed Pods Frameworks";
			outputFileListPaths = (
				"${PODS_ROOT}/Target Support Files/Pods-MusicApp_swiftui/Pods-MusicApp_swiftui-frameworks-${CONFIGURATION}-output-files.xcfilelist",
			);
			runOnlyForDeploymentPostprocessing = 0;
			shellPath = /bin/sh;
			shellScript = "\"${PODS_ROOT}/Target Support Files/Pods-MusicApp_swiftui/Pods-MusicApp_swiftui-frameworks.sh\"\n";
			showEnvVarsInLog = 0;
		};
		CAEE63BEBA7ECE844EE15C19 /* [CP] Check Pods Manifest.lock */ = {
			isa = PBXShellScriptBuildPhase;
			buildActionMask = 2147483647;
			files = (
			);
			inputFileListPaths = (
			);
			inputPaths = (
				"${PODS_PODFILE_DIR_PATH}/Podfile.lock",
				"${PODS_ROOT}/Manifest.lock",
			);
			name = "[CP] Check Pods Manifest.lock";
			outputFileListPaths = (
			);
			outputPaths = (
				"$(DERIVED_FILE_DIR)/Pods-MusicApp_swiftui-checkManifestLockResult.txt",
			);
			runOnlyForDeploymentPostprocessing = 0;
			shellPath = /bin/sh;
			shellScript = "diff \"${PODS_PODFILE_DIR_PATH}/Podfile.lock\" \"${PODS_ROOT}/Manifest.lock\" > /dev/null\nif [ $? != 0 ] ; then\n    # print error to STDERR\n    echo \"error: The sandbox is not in sync with the Podfile.lock. Run 'pod install' or update your CocoaPods installation.\" >&2\n    exit 1\nfi\n# This output is used by Xcode 'outputs' to avoid re-running this script phase.\necho \"SUCCESS\" > \"${SCRIPT_OUTPUT_FILE_0}\"\n";
			showEnvVarsInLog = 0;
		};
/* End PBXShellScriptBuildPhase section */

/* Begin PBXSourcesBuildPhase section */
		46F3BE2F26C0C0B800BD7B45 /* Sources */ = {
			isa = PBXSourcesBuildPhase;
			buildActionMask = 2147483647;
			files = (
				46E2A8D326C178B800BCE0FC /* AlbumArtView.swift in Sources */,
				46E2A8D526C1798000BCE0FC /* SongCellView.swift in Sources */,
				46F3BE4626C0D96B00BD7B45 /* BlurEffect.swift in Sources */,
				4646502826D2381900AA90E6 /* ArtistListView.swift in Sources */,
				46C3003526C1090300FA1D12 /* FirebaseData.swift in Sources */,
				4646502326D1A50100AA90E6 /* LocalServerData.swift in Sources */,
				46F3BE3926C0C0B800BD7B45 /* ContentView.swift in Sources */,
				46F3BE3726C0C0B800BD7B45 /* MusicApp_swiftuiApp.swift in Sources */,
				46F3BE4826C0FE2200BD7B45 /* PlayerView.swift in Sources */,
				4646502A26D23D0700AA90E6 /* ArtistFeatureView.swift in Sources */,
				4646502526D1A5C300AA90E6 /* Artist_Song_Album.swift in Sources */,
			);
			runOnlyForDeploymentPostprocessing = 0;
		};
/* End PBXSourcesBuildPhase section */

/* Begin XCBuildConfiguration section */
		46F3BE4026C0C0B900BD7B45 /* Debug */ = {
			isa = XCBuildConfiguration;
			buildSettings = {
				ALWAYS_SEARCH_USER_PATHS = NO;
				CLANG_ANALYZER_NONNULL = YES;
				CLANG_ANALYZER_NUMBER_OBJECT_CONVERSION = YES_AGGRESSIVE;
				CLANG_CXX_LANGUAGE_STANDARD = "gnu++14";
				CLANG_CXX_LIBRARY = "libc++";
				CLANG_ENABLE_MODULES = YES;
				CLANG_ENABLE_OBJC_ARC = YES;
				CLANG_ENABLE_OBJC_WEAK = YES;
				CLANG_WARN_BLOCK_CAPTURE_AUTORELEASING = YES;
				CLANG_WARN_BOOL_CONVERSION = YES;
				CLANG_WARN_COMMA = YES;
				CLANG_WARN_CONSTANT_CONVERSION = YES;
				CLANG_WARN_DEPRECATED_OBJC_IMPLEMENTATIONS = YES;
				CLANG_WARN_DIRECT_OBJC_ISA_USAGE = YES_ERROR;
				CLANG_WARN_DOCUMENTATION_COMMENTS = YES;
				CLANG_WARN_EMPTY_BODY = YES;
				CLANG_WARN_ENUM_CONVERSION = YES;
				CLANG_WARN_INFINITE_RECURSION = YES;
				CLANG_WARN_INT_CONVERSION = YES;
				CLANG_WARN_NON_LITERAL_NULL_CONVERSION = YES;
				CLANG_WARN_OBJC_IMPLICIT_RETAIN_SELF = YES;
				CLANG_WARN_OBJC_LITERAL_CONVERSION = YES;
				CLANG_WARN_OBJC_ROOT_CLASS = YES_ERROR;
				CLANG_WARN_QUOTED_INCLUDE_IN_FRAMEWORK_HEADER = YES;
				CLANG_WARN_RANGE_LOOP_ANALYSIS = YES;
				CLANG_WARN_STRICT_PROTOTYPES = YES;
				CLANG_WARN_SUSPICIOUS_MOVE = YES;
				CLANG_WARN_UNGUARDED_AVAILABILITY = YES_AGGRESSIVE;
				CLANG_WARN_UNREACHABLE_CODE = YES;
				CLANG_WARN__DUPLICATE_METHOD_MATCH = YES;
				COPY_PHASE_STRIP = NO;
				DEBUG_INFORMATION_FORMAT = dwarf;
				ENABLE_STRICT_OBJC_MSGSEND = YES;
				ENABLE_TESTABILITY = YES;
				GCC_C_LANGUAGE_STANDARD = gnu11;
				GCC_DYNAMIC_NO_PIC = NO;
				GCC_NO_COMMON_BLOCKS = YES;
				GCC_OPTIMIZATION_LEVEL = 0;
				GCC_PREPROCESSOR_DEFINITIONS = (
					"DEBUG=1",
					"$(inherited)",
				);
				GCC_WARN_64_TO_32_BIT_CONVERSION = YES;
				GCC_WARN_ABOUT_RETURN_TYPE = YES_ERROR;
				GCC_WARN_UNDECLARED_SELECTOR = YES;
				GCC_WARN_UNINITIALIZED_AUTOS = YES_AGGRESSIVE;
				GCC_WARN_UNUSED_FUNCTION = YES;
				GCC_WARN_UNUSED_VARIABLE = YES;
				IPHONEOS_DEPLOYMENT_TARGET = 14.5;
				MTL_ENABLE_DEBUG_INFO = INCLUDE_SOURCE;
				MTL_FAST_MATH = YES;
				ONLY_ACTIVE_ARCH = YES;
				SDKROOT = iphoneos;
				SWIFT_ACTIVE_COMPILATION_CONDITIONS = DEBUG;
				SWIFT_OPTIMIZATION_LEVEL = "-Onone";
			};
			name = Debug;
		};
		46F3BE4126C0C0B900BD7B45 /* Release */ = {
			isa = XCBuildConfiguration;
			buildSettings = {
				ALWAYS_SEARCH_USER_PATHS = NO;
				CLANG_ANALYZER_NONNULL = YES;
				CLANG_ANALYZER_NUMBER_OBJECT_CONVERSION = YES_AGGRESSIVE;
				CLANG_CXX_LANGUAGE_STANDARD = "gnu++14";
				CLANG_CXX_LIBRARY = "libc++";
				CLANG_ENABLE_MODULES = YES;
				CLANG_ENABLE_OBJC_ARC = YES;
				CLANG_ENABLE_OBJC_WEAK = YES;
				CLANG_WARN_BLOCK_CAPTURE_AUTORELEASING = YES;
				CLANG_WARN_BOOL_CONVERSION = YES;
				CLANG_WARN_COMMA = YES;
				CLANG_WARN_CONSTANT_CONVERSION = YES;
				CLANG_WARN_DEPRECATED_OBJC_IMPLEMENTATIONS = YES;
				CLANG_WARN_DIRECT_OBJC_ISA_USAGE = YES_ERROR;
				CLANG_WARN_DOCUMENTATION_COMMENTS = YES;
				CLANG_WARN_EMPTY_BODY = YES;
				CLANG_WARN_ENUM_CONVERSION = YES;
				CLANG_WARN_INFINITE_RECURSION = YES;
				CLANG_WARN_INT_CONVERSION = YES;
				CLANG_WARN_NON_LITERAL_NULL_CONVERSION = YES;
				CLANG_WARN_OBJC_IMPLICIT_RETAIN_SELF = YES;
				CLANG_WARN_OBJC_LITERAL_CONVERSION = YES;
				CLANG_WARN_OBJC_ROOT_CLASS = YES_ERROR;
				CLANG_WARN_QUOTED_INCLUDE_IN_FRAMEWORK_HEADER = YES;
				CLANG_WARN_RANGE_LOOP_ANALYSIS = YES;
				CLANG_WARN_STRICT_PROTOTYPES = YES;
				CLANG_WARN_SUSPICIOUS_MOVE = YES;
				CLANG_WARN_UNGUARDED_AVAILABILITY = YES_AGGRESSIVE;
				CLANG_WARN_UNREACHABLE_CODE = YES;
				CLANG_WARN__DUPLICATE_METHOD_MATCH = YES;
				COPY_PHASE_STRIP = NO;
				DEBUG_INFORMATION_FORMAT = "dwarf-with-dsym";
				ENABLE_NS_ASSERTIONS = NO;
				ENABLE_STRICT_OBJC_MSGSEND = YES;
				GCC_C_LANGUAGE_STANDARD = gnu11;
				GCC_NO_COMMON_BLOCKS = YES;
				GCC_WARN_64_TO_32_BIT_CONVERSION = YES;
				GCC_WARN_ABOUT_RETURN_TYPE = YES_ERROR;
				GCC_WARN_UNDECLARED_SELECTOR = YES;
				GCC_WARN_UNINITIALIZED_AUTOS = YES_AGGRESSIVE;
				GCC_WARN_UNUSED_FUNCTION = YES;
				GCC_WARN_UNUSED_VARIABLE = YES;
				IPHONEOS_DEPLOYMENT_TARGET = 14.5;
				MTL_ENABLE_DEBUG_INFO = NO;
				MTL_FAST_MATH = YES;
				SDKROOT = iphoneos;
				SWIFT_COMPILATION_MODE = wholemodule;
				SWIFT_OPTIMIZATION_LEVEL = "-O";
				VALIDATE_PRODUCT = YES;
			};
			name = Release;
		};
		46F3BE4326C0C0B900BD7B45 /* Debug */ = {
			isa = XCBuildConfiguration;
			baseConfigurationReference = 9A110FC5A8552E99011D4933 /* Pods-MusicApp_swiftui.debug.xcconfig */;
			buildSettings = {
				ASSETCATALOG_COMPILER_APPICON_NAME = AppIcon;
				ASSETCATALOG_COMPILER_GLOBAL_ACCENT_COLOR_NAME = AccentColor;
				CODE_SIGN_STYLE = Automatic;
				DEVELOPMENT_ASSET_PATHS = "\"MusicApp_swiftui/Preview Content\"";
				DEVELOPMENT_TEAM = BV68V66Y4K;
				ENABLE_PREVIEWS = YES;
				INFOPLIST_FILE = MusicApp_swiftui/Info.plist;
				IPHONEOS_DEPLOYMENT_TARGET = 14.0;
				LD_RUNPATH_SEARCH_PATHS = (
					"$(inherited)",
					"@executable_path/Frameworks",
				);
				PRODUCT_BUNDLE_IDENTIFIER = "com.koupen.MusicApp-swiftui";
				PRODUCT_NAME = "$(TARGET_NAME)";
				SWIFT_VERSION = 5.0;
				TARGETED_DEVICE_FAMILY = "1,2";
			};
			name = Debug;
		};
		46F3BE4426C0C0B900BD7B45 /* Release */ = {
			isa = XCBuildConfiguration;
			baseConfigurationReference = B0B99E3FCD84643FAAA0CCA6 /* Pods-MusicApp_swiftui.release.xcconfig */;
			buildSettings = {
				ASSETCATALOG_COMPILER_APPICON_NAME = AppIcon;
				ASSETCATALOG_COMPILER_GLOBAL_ACCENT_COLOR_NAME = AccentColor;
				CODE_SIGN_STYLE = Automatic;
				DEVELOPMENT_ASSET_PATHS = "\"MusicApp_swiftui/Preview Content\"";
				DEVELOPMENT_TEAM = BV68V66Y4K;
				ENABLE_PREVIEWS = YES;
				INFOPLIST_FILE = MusicApp_swiftui/Info.plist;
				IPHONEOS_DEPLOYMENT_TARGET = 14.0;
				LD_RUNPATH_SEARCH_PATHS = (
					"$(inherited)",
					"@executable_path/Frameworks",
				);
				PRODUCT_BUNDLE_IDENTIFIER = "com.koupen.MusicApp-swiftui";
				PRODUCT_NAME = "$(TARGET_NAME)";
				SWIFT_VERSION = 5.0;
				TARGETED_DEVICE_FAMILY = "1,2";
			};
			name = Release;
		};
/* End XCBuildConfiguration section */

/* Begin XCConfigurationList section */
		46F3BE2E26C0C0B800BD7B45 /* Build configuration list for PBXProject "MusicApp_swiftui" */ = {
			isa = XCConfigurationList;
			buildConfigurations = (
				46F3BE4026C0C0B900BD7B45 /* Debug */,
				46F3BE4126C0C0B900BD7B45 /* Release */,
			);
			defaultConfigurationIsVisible = 0;
			defaultConfigurationName = Release;
		};
		46F3BE4226C0C0B900BD7B45 /* Build configuration list for PBXNativeTarget "MusicApp_swiftui" */ = {
			isa = XCConfigurationList;
			buildConfigurations = (
				46F3BE4326C0C0B900BD7B45 /* Debug */,
				46F3BE4426C0C0B900BD7B45 /* Release */,
			);
			defaultConfigurationIsVisible = 0;
			defaultConfigurationName = Release;
		};
/* End XCConfigurationList section */
	};
	rootObject = 46F3BE2B26C0C0B800BD7B45 /* Project object */;
}
